{
    "version": 3,
    "terraform_version": "0.11.14",
    "serial": 12,
    "lineage": "2e8373bf-2b9c-5a04-d42f-55650bfd0f3a",
    "modules": [
        {
            "path": [
                "root"
            ],
            "outputs": {
                "k8s_cluster_public_ip": {
                    "sensitive": false,
                    "type": "list",
                    "value": [
                        "100.25.33.181",
                        "3.85.148.9",
                        "100.25.133.40"
                    ]
                }
            },
            "resources": {
                "aws_instance.k8s_cluster.0": {
                    "type": "aws_instance",
                    "depends_on": [
                        "aws_security_group.k8s",
                        "aws_subnet.k8s_subnet",
                        "data.aws_ami.centos",
                        "random_id.instance_id"
                    ],
                    "primary": {
                        "id": "i-01336b1f8f8755ed1",
                        "attributes": {
                            "ami": "ami-0affd4508a5d2481b",
                            "arn": "arn:aws:ec2:us-east-1:496323866215:instance/i-01336b1f8f8755ed1",
                            "associate_public_ip_address": "true",
                            "availability_zone": "us-east-1e",
                            "cpu_core_count": "2",
                            "cpu_threads_per_core": "1",
                            "credit_specification.#": "1",
                            "credit_specification.0.cpu_credits": "standard",
                            "disable_api_termination": "false",
                            "ebs_block_device.#": "0",
                            "ebs_optimized": "false",
                            "ephemeral_block_device.#": "0",
                            "get_password_data": "false",
                            "hibernation": "false",
                            "iam_instance_profile": "",
                            "id": "i-01336b1f8f8755ed1",
                            "instance_state": "running",
                            "instance_type": "t2.medium",
                            "ipv6_address_count": "0",
                            "ipv6_addresses.#": "0",
                            "key_name": "dmontanez-aws",
                            "metadata_options.#": "1",
                            "metadata_options.0.http_endpoint": "enabled",
                            "metadata_options.0.http_put_response_hop_limit": "1",
                            "metadata_options.0.http_tokens": "optional",
                            "monitoring": "false",
                            "network_interface.#": "0",
                            "outpost_arn": "",
                            "password_data": "",
                            "placement_group": "",
                            "primary_network_interface_id": "eni-012aa82760973e388",
                            "private_dns": "ip-10-0-1-31.ec2.internal",
                            "private_ip": "10.0.1.31",
                            "public_dns": "",
                            "public_ip": "100.25.33.181",
                            "root_block_device.#": "1",
                            "root_block_device.0.delete_on_termination": "false",
                            "root_block_device.0.device_name": "/dev/sda1",
                            "root_block_device.0.encrypted": "false",
                            "root_block_device.0.iops": "100",
                            "root_block_device.0.kms_key_id": "",
                            "root_block_device.0.volume_id": "vol-084ec24193917414e",
                            "root_block_device.0.volume_size": "8",
                            "root_block_device.0.volume_type": "gp2",
                            "security_groups.#": "0",
                            "source_dest_check": "true",
                            "subnet_id": "subnet-08e4375163e12d8a7",
                            "tags.%": "7",
                            "tags.Name": "k8s_4403d0af",
                            "tags.X-Application": "test",
                            "tags.X-Contact": "danf@chef.io",
                            "tags.X-Customer": "test",
                            "tags.X-Dept": "sales",
                            "tags.X-Project": "danf",
                            "tags.X-TTL": "10",
                            "tenancy": "default",
                            "volume_tags.%": "2",
                            "volume_tags.CreatedBy": "dmontanez",
                            "volume_tags.CreatorPrincipalId": "AROAIFGVOD7SF3B5GZZLA:dmontanez",
                            "vpc_security_group_ids.#": "1",
                            "vpc_security_group_ids.3206060104": "sg-05d136150749558c4"
                        },
                        "meta": {
                            "e2bfb730-ecaa-11e6-8f88-34363bc7c4c0": {
                                "create": 600000000000,
                                "delete": 1200000000000,
                                "update": 600000000000
                            },
                            "schema_version": "1"
                        },
                        "tainted": false
                    },
                    "deposed": [],
                    "provider": "provider.aws"
                },
                "aws_instance.k8s_cluster.1": {
                    "type": "aws_instance",
                    "depends_on": [
                        "aws_security_group.k8s",
                        "aws_subnet.k8s_subnet",
                        "data.aws_ami.centos",
                        "random_id.instance_id"
                    ],
                    "primary": {
                        "id": "i-0d0a6027f78a84ace",
                        "attributes": {
                            "ami": "ami-0affd4508a5d2481b",
                            "arn": "arn:aws:ec2:us-east-1:496323866215:instance/i-0d0a6027f78a84ace",
                            "associate_public_ip_address": "true",
                            "availability_zone": "us-east-1e",
                            "cpu_core_count": "2",
                            "cpu_threads_per_core": "1",
                            "credit_specification.#": "1",
                            "credit_specification.0.cpu_credits": "standard",
                            "disable_api_termination": "false",
                            "ebs_block_device.#": "0",
                            "ebs_optimized": "false",
                            "ephemeral_block_device.#": "0",
                            "get_password_data": "false",
                            "hibernation": "false",
                            "iam_instance_profile": "",
                            "id": "i-0d0a6027f78a84ace",
                            "instance_state": "running",
                            "instance_type": "t2.medium",
                            "ipv6_address_count": "0",
                            "ipv6_addresses.#": "0",
                            "key_name": "dmontanez-aws",
                            "metadata_options.#": "1",
                            "metadata_options.0.http_endpoint": "enabled",
                            "metadata_options.0.http_put_response_hop_limit": "1",
                            "metadata_options.0.http_tokens": "optional",
                            "monitoring": "false",
                            "network_interface.#": "0",
                            "outpost_arn": "",
                            "password_data": "",
                            "placement_group": "",
                            "primary_network_interface_id": "eni-026549598a1dde036",
                            "private_dns": "ip-10-0-1-224.ec2.internal",
                            "private_ip": "10.0.1.224",
                            "public_dns": "",
                            "public_ip": "3.85.148.9",
                            "root_block_device.#": "1",
                            "root_block_device.0.delete_on_termination": "false",
                            "root_block_device.0.device_name": "/dev/sda1",
                            "root_block_device.0.encrypted": "false",
                            "root_block_device.0.iops": "100",
                            "root_block_device.0.kms_key_id": "",
                            "root_block_device.0.volume_id": "vol-06347b203e3c464b0",
                            "root_block_device.0.volume_size": "8",
                            "root_block_device.0.volume_type": "gp2",
                            "security_groups.#": "0",
                            "source_dest_check": "true",
                            "subnet_id": "subnet-08e4375163e12d8a7",
                            "tags.%": "8",
                            "tags.Name": "k8s_4403d0af",
                            "tags.X-Application": "test",
                            "tags.X-Contact": "danf@chef.io",
                            "tags.X-Customer": "test",
                            "tags.X-Dept": "sales",
                            "tags.X-Project": "danf",
                            "tags.X-TTL": "10",
                            "tags.X-Termination-Date": "2020-08-26T05:56:28+00:00",
                            "tenancy": "default",
                            "volume_tags.%": "2",
                            "volume_tags.CreatedBy": "dmontanez",
                            "volume_tags.CreatorPrincipalId": "AROAIFGVOD7SF3B5GZZLA:dmontanez",
                            "vpc_security_group_ids.#": "1",
                            "vpc_security_group_ids.3206060104": "sg-05d136150749558c4"
                        },
                        "meta": {
                            "e2bfb730-ecaa-11e6-8f88-34363bc7c4c0": {
                                "create": 600000000000,
                                "delete": 1200000000000,
                                "update": 600000000000
                            },
                            "schema_version": "1"
                        },
                        "tainted": false
                    },
                    "deposed": [],
                    "provider": "provider.aws"
                },
                "aws_instance.k8s_cluster.2": {
                    "type": "aws_instance",
                    "depends_on": [
                        "aws_security_group.k8s",
                        "aws_subnet.k8s_subnet",
                        "data.aws_ami.centos",
                        "random_id.instance_id"
                    ],
                    "primary": {
                        "id": "i-001caece30ad7e0f6",
                        "attributes": {
                            "ami": "ami-0affd4508a5d2481b",
                            "arn": "arn:aws:ec2:us-east-1:496323866215:instance/i-001caece30ad7e0f6",
                            "associate_public_ip_address": "true",
                            "availability_zone": "us-east-1e",
                            "cpu_core_count": "2",
                            "cpu_threads_per_core": "1",
                            "credit_specification.#": "1",
                            "credit_specification.0.cpu_credits": "standard",
                            "disable_api_termination": "false",
                            "ebs_block_device.#": "0",
                            "ebs_optimized": "false",
                            "ephemeral_block_device.#": "0",
                            "get_password_data": "false",
                            "hibernation": "false",
                            "iam_instance_profile": "",
                            "id": "i-001caece30ad7e0f6",
                            "instance_state": "running",
                            "instance_type": "t2.medium",
                            "ipv6_address_count": "0",
                            "ipv6_addresses.#": "0",
                            "key_name": "dmontanez-aws",
                            "metadata_options.#": "1",
                            "metadata_options.0.http_endpoint": "enabled",
                            "metadata_options.0.http_put_response_hop_limit": "1",
                            "metadata_options.0.http_tokens": "optional",
                            "monitoring": "false",
                            "network_interface.#": "0",
                            "outpost_arn": "",
                            "password_data": "",
                            "placement_group": "",
                            "primary_network_interface_id": "eni-0da0e803cfed1df01",
                            "private_dns": "ip-10-0-1-153.ec2.internal",
                            "private_ip": "10.0.1.153",
                            "public_dns": "",
                            "public_ip": "100.25.133.40",
                            "root_block_device.#": "1",
                            "root_block_device.0.delete_on_termination": "false",
                            "root_block_device.0.device_name": "/dev/sda1",
                            "root_block_device.0.encrypted": "false",
                            "root_block_device.0.iops": "100",
                            "root_block_device.0.kms_key_id": "",
                            "root_block_device.0.volume_id": "vol-0716bc20722301259",
                            "root_block_device.0.volume_size": "8",
                            "root_block_device.0.volume_type": "gp2",
                            "security_groups.#": "0",
                            "source_dest_check": "true",
                            "subnet_id": "subnet-08e4375163e12d8a7",
                            "tags.%": "8",
                            "tags.Name": "k8s_4403d0af",
                            "tags.X-Application": "test",
                            "tags.X-Contact": "danf@chef.io",
                            "tags.X-Customer": "test",
                            "tags.X-Dept": "sales",
                            "tags.X-Project": "danf",
                            "tags.X-TTL": "10",
                            "tags.X-Termination-Date": "2020-08-26T05:56:28+00:00",
                            "tenancy": "default",
                            "volume_tags.%": "2",
                            "volume_tags.CreatedBy": "dmontanez",
                            "volume_tags.CreatorPrincipalId": "AROAIFGVOD7SF3B5GZZLA:dmontanez",
                            "vpc_security_group_ids.#": "1",
                            "vpc_security_group_ids.3206060104": "sg-05d136150749558c4"
                        },
                        "meta": {
                            "e2bfb730-ecaa-11e6-8f88-34363bc7c4c0": {
                                "create": 600000000000,
                                "delete": 1200000000000,
                                "update": 600000000000
                            },
                            "schema_version": "1"
                        },
                        "tainted": false
                    },
                    "deposed": [],
                    "provider": "provider.aws"
                },
                "aws_internet_gateway.k8s_gateway": {
                    "type": "aws_internet_gateway",
                    "depends_on": [
                        "aws_vpc.k8s_vpc"
                    ],
                    "primary": {
                        "id": "igw-0b8a0adcf7a7e6516",
                        "attributes": {
                            "id": "igw-0b8a0adcf7a7e6516",
                            "owner_id": "496323866215",
                            "tags.%": "1",
                            "tags.Name": "danf_k8s_gateway-test",
                            "vpc_id": "vpc-0b14c5270606b30bd"
                        },
                        "meta": {},
                        "tainted": false
                    },
                    "deposed": [],
                    "provider": "provider.aws"
                },
                "aws_route.k8s_internet_access": {
                    "type": "aws_route",
                    "depends_on": [
                        "aws_internet_gateway.k8s_gateway",
                        "aws_vpc.k8s_vpc"
                    ],
                    "primary": {
                        "id": "r-rtb-06f02b4c9222416091080289494",
                        "attributes": {
                            "destination_cidr_block": "0.0.0.0/0",
                            "destination_prefix_list_id": "",
                            "egress_only_gateway_id": "",
                            "gateway_id": "igw-0b8a0adcf7a7e6516",
                            "id": "r-rtb-06f02b4c9222416091080289494",
                            "instance_id": "",
                            "instance_owner_id": "",
                            "nat_gateway_id": "",
                            "network_interface_id": "",
                            "origin": "CreateRoute",
                            "route_table_id": "rtb-06f02b4c922241609",
                            "state": "active",
                            "transit_gateway_id": "",
                            "vpc_peering_connection_id": ""
                        },
                        "meta": {
                            "e2bfb730-ecaa-11e6-8f88-34363bc7c4c0": {
                                "create": 120000000000,
                                "delete": 300000000000
                            }
                        },
                        "tainted": false
                    },
                    "deposed": [],
                    "provider": "provider.aws"
                },
                "aws_security_group.k8s": {
                    "type": "aws_security_group",
                    "depends_on": [
                        "aws_vpc.k8s_vpc",
                        "random_id.instance_id"
                    ],
                    "primary": {
                        "id": "sg-05d136150749558c4",
                        "attributes": {
                            "arn": "arn:aws:ec2:us-east-1:496323866215:security-group/sg-05d136150749558c4",
                            "description": "base rules for k8s workshop",
                            "egress.#": "1",
                            "egress.482069346.cidr_blocks.#": "1",
                            "egress.482069346.cidr_blocks.0": "0.0.0.0/0",
                            "egress.482069346.description": "",
                            "egress.482069346.from_port": "0",
                            "egress.482069346.ipv6_cidr_blocks.#": "0",
                            "egress.482069346.prefix_list_ids.#": "0",
                            "egress.482069346.protocol": "-1",
                            "egress.482069346.security_groups.#": "0",
                            "egress.482069346.self": "false",
                            "egress.482069346.to_port": "0",
                            "id": "sg-05d136150749558c4",
                            "ingress.#": "6",
                            "ingress.2214680975.cidr_blocks.#": "1",
                            "ingress.2214680975.cidr_blocks.0": "0.0.0.0/0",
                            "ingress.2214680975.description": "",
                            "ingress.2214680975.from_port": "80",
                            "ingress.2214680975.ipv6_cidr_blocks.#": "0",
                            "ingress.2214680975.prefix_list_ids.#": "0",
                            "ingress.2214680975.protocol": "tcp",
                            "ingress.2214680975.security_groups.#": "0",
                            "ingress.2214680975.self": "false",
                            "ingress.2214680975.to_port": "80",
                            "ingress.2541437006.cidr_blocks.#": "1",
                            "ingress.2541437006.cidr_blocks.0": "0.0.0.0/0",
                            "ingress.2541437006.description": "",
                            "ingress.2541437006.from_port": "22",
                            "ingress.2541437006.ipv6_cidr_blocks.#": "0",
                            "ingress.2541437006.prefix_list_ids.#": "0",
                            "ingress.2541437006.protocol": "tcp",
                            "ingress.2541437006.security_groups.#": "0",
                            "ingress.2541437006.self": "false",
                            "ingress.2541437006.to_port": "22",
                            "ingress.2617001939.cidr_blocks.#": "1",
                            "ingress.2617001939.cidr_blocks.0": "0.0.0.0/0",
                            "ingress.2617001939.description": "",
                            "ingress.2617001939.from_port": "443",
                            "ingress.2617001939.ipv6_cidr_blocks.#": "0",
                            "ingress.2617001939.prefix_list_ids.#": "0",
                            "ingress.2617001939.protocol": "tcp",
                            "ingress.2617001939.security_groups.#": "0",
                            "ingress.2617001939.self": "false",
                            "ingress.2617001939.to_port": "443",
                            "ingress.3226625383.cidr_blocks.#": "1",
                            "ingress.3226625383.cidr_blocks.0": "0.0.0.0/0",
                            "ingress.3226625383.description": "",
                            "ingress.3226625383.from_port": "8",
                            "ingress.3226625383.ipv6_cidr_blocks.#": "1",
                            "ingress.3226625383.ipv6_cidr_blocks.0": "::/0",
                            "ingress.3226625383.prefix_list_ids.#": "0",
                            "ingress.3226625383.protocol": "icmp",
                            "ingress.3226625383.security_groups.#": "0",
                            "ingress.3226625383.self": "false",
                            "ingress.3226625383.to_port": "-1",
                            "ingress.332570261.cidr_blocks.#": "1",
                            "ingress.332570261.cidr_blocks.0": "0.0.0.0/0",
                            "ingress.332570261.description": "",
                            "ingress.332570261.from_port": "8000",
                            "ingress.332570261.ipv6_cidr_blocks.#": "0",
                            "ingress.332570261.prefix_list_ids.#": "0",
                            "ingress.332570261.protocol": "tcp",
                            "ingress.332570261.security_groups.#": "0",
                            "ingress.332570261.self": "false",
                            "ingress.332570261.to_port": "8000",
                            "ingress.516175195.cidr_blocks.#": "1",
                            "ingress.516175195.cidr_blocks.0": "0.0.0.0/0",
                            "ingress.516175195.description": "",
                            "ingress.516175195.from_port": "8080",
                            "ingress.516175195.ipv6_cidr_blocks.#": "0",
                            "ingress.516175195.prefix_list_ids.#": "0",
                            "ingress.516175195.protocol": "tcp",
                            "ingress.516175195.security_groups.#": "0",
                            "ingress.516175195.self": "false",
                            "ingress.516175195.to_port": "8080",
                            "name": "k8s_4403d0af",
                            "owner_id": "496323866215",
                            "revoke_rules_on_delete": "false",
                            "tags.%": "7",
                            "tags.Name": "test-danf_4403d0af_test_security_group",
                            "tags.X-Application": "test",
                            "tags.X-Contact": "danf@chef.io",
                            "tags.X-Customer": "test",
                            "tags.X-Dept": "sales",
                            "tags.X-Project": "danf",
                            "tags.X-TTL": "10",
                            "vpc_id": "vpc-0b14c5270606b30bd"
                        },
                        "meta": {
                            "e2bfb730-ecaa-11e6-8f88-34363bc7c4c0": {
                                "create": 600000000000,
                                "delete": 600000000000
                            },
                            "schema_version": "1"
                        },
                        "tainted": false
                    },
                    "deposed": [],
                    "provider": "provider.aws"
                },
                "aws_security_group_rule.egress_allow_0-65535_all": {
                    "type": "aws_security_group_rule",
                    "depends_on": [
                        "aws_security_group.k8s"
                    ],
                    "primary": {
                        "id": "sgrule-2407952729",
                        "attributes": {
                            "cidr_blocks.#": "1",
                            "cidr_blocks.0": "0.0.0.0/0",
                            "description": "",
                            "from_port": "0",
                            "id": "sgrule-2407952729",
                            "ipv6_cidr_blocks.#": "0",
                            "prefix_list_ids.#": "0",
                            "protocol": "-1",
                            "security_group_id": "sg-05d136150749558c4",
                            "self": "false",
                            "to_port": "0",
                            "type": "egress"
                        },
                        "meta": {
                            "schema_version": "2"
                        },
                        "tainted": false
                    },
                    "deposed": [],
                    "provider": "provider.aws"
                },
                "aws_security_group_rule.ingress_allow_22_tcp_all": {
                    "type": "aws_security_group_rule",
                    "depends_on": [
                        "aws_security_group.k8s"
                    ],
                    "primary": {
                        "id": "sgrule-3059808890",
                        "attributes": {
                            "cidr_blocks.#": "1",
                            "cidr_blocks.0": "0.0.0.0/0",
                            "description": "",
                            "from_port": "22",
                            "id": "sgrule-3059808890",
                            "ipv6_cidr_blocks.#": "0",
                            "prefix_list_ids.#": "0",
                            "protocol": "tcp",
                            "security_group_id": "sg-05d136150749558c4",
                            "self": "false",
                            "to_port": "22",
                            "type": "ingress"
                        },
                        "meta": {
                            "schema_version": "2"
                        },
                        "tainted": false
                    },
                    "deposed": [],
                    "provider": "provider.aws"
                },
                "aws_security_group_rule.ingress_allow_443_tcp_all": {
                    "type": "aws_security_group_rule",
                    "depends_on": [
                        "aws_security_group.k8s"
                    ],
                    "primary": {
                        "id": "sgrule-2733875154",
                        "attributes": {
                            "cidr_blocks.#": "1",
                            "cidr_blocks.0": "0.0.0.0/0",
                            "description": "",
                            "from_port": "443",
                            "id": "sgrule-2733875154",
                            "ipv6_cidr_blocks.#": "0",
                            "prefix_list_ids.#": "0",
                            "protocol": "tcp",
                            "security_group_id": "sg-05d136150749558c4",
                            "self": "false",
                            "to_port": "443",
                            "type": "ingress"
                        },
                        "meta": {
                            "schema_version": "2"
                        },
                        "tainted": false
                    },
                    "deposed": [],
                    "provider": "provider.aws"
                },
                "aws_security_group_rule.ingress_allow_8000_tcp_all": {
                    "type": "aws_security_group_rule",
                    "depends_on": [
                        "aws_security_group.k8s"
                    ],
                    "primary": {
                        "id": "sgrule-2546487281",
                        "attributes": {
                            "cidr_blocks.#": "1",
                            "cidr_blocks.0": "0.0.0.0/0",
                            "description": "",
                            "from_port": "8000",
                            "id": "sgrule-2546487281",
                            "ipv6_cidr_blocks.#": "0",
                            "prefix_list_ids.#": "0",
                            "protocol": "tcp",
                            "security_group_id": "sg-05d136150749558c4",
                            "self": "false",
                            "to_port": "8000",
                            "type": "ingress"
                        },
                        "meta": {
                            "schema_version": "2"
                        },
                        "tainted": false
                    },
                    "deposed": [],
                    "provider": "provider.aws"
                },
                "aws_security_group_rule.ingress_allow_8080_tcp_all": {
                    "type": "aws_security_group_rule",
                    "depends_on": [
                        "aws_security_group.k8s"
                    ],
                    "primary": {
                        "id": "sgrule-2209727047",
                        "attributes": {
                            "cidr_blocks.#": "1",
                            "cidr_blocks.0": "0.0.0.0/0",
                            "description": "",
                            "from_port": "8080",
                            "id": "sgrule-2209727047",
                            "ipv6_cidr_blocks.#": "0",
                            "prefix_list_ids.#": "0",
                            "protocol": "tcp",
                            "security_group_id": "sg-05d136150749558c4",
                            "self": "false",
                            "to_port": "8080",
                            "type": "ingress"
                        },
                        "meta": {
                            "schema_version": "2"
                        },
                        "tainted": false
                    },
                    "deposed": [],
                    "provider": "provider.aws"
                },
                "aws_security_group_rule.ingress_allow_80_tcp_all": {
                    "type": "aws_security_group_rule",
                    "depends_on": [
                        "aws_security_group.k8s"
                    ],
                    "primary": {
                        "id": "sgrule-15378383",
                        "attributes": {
                            "cidr_blocks.#": "1",
                            "cidr_blocks.0": "0.0.0.0/0",
                            "description": "",
                            "from_port": "80",
                            "id": "sgrule-15378383",
                            "ipv6_cidr_blocks.#": "0",
                            "prefix_list_ids.#": "0",
                            "protocol": "tcp",
                            "security_group_id": "sg-05d136150749558c4",
                            "self": "false",
                            "to_port": "80",
                            "type": "ingress"
                        },
                        "meta": {
                            "schema_version": "2"
                        },
                        "tainted": false
                    },
                    "deposed": [],
                    "provider": "provider.aws"
                },
                "aws_subnet.k8s_subnet": {
                    "type": "aws_subnet",
                    "depends_on": [
                        "aws_vpc.k8s_vpc"
                    ],
                    "primary": {
                        "id": "subnet-08e4375163e12d8a7",
                        "attributes": {
                            "arn": "arn:aws:ec2:us-east-1:496323866215:subnet/subnet-08e4375163e12d8a7",
                            "assign_ipv6_address_on_creation": "false",
                            "availability_zone": "us-east-1e",
                            "availability_zone_id": "use1-az3",
                            "cidr_block": "10.0.1.0/24",
                            "id": "subnet-08e4375163e12d8a7",
                            "ipv6_cidr_block": "",
                            "ipv6_cidr_block_association_id": "",
                            "map_public_ip_on_launch": "true",
                            "outpost_arn": "",
                            "owner_id": "496323866215",
                            "tags.%": "1",
                            "tags.Name": "danf_k8s_subnet-test",
                            "vpc_id": "vpc-0b14c5270606b30bd"
                        },
                        "meta": {
                            "e2bfb730-ecaa-11e6-8f88-34363bc7c4c0": {
                                "create": 600000000000,
                                "delete": 1200000000000
                            },
                            "schema_version": "1"
                        },
                        "tainted": false
                    },
                    "deposed": [],
                    "provider": "provider.aws"
                },
                "aws_vpc.k8s_vpc": {
                    "type": "aws_vpc",
                    "depends_on": [],
                    "primary": {
                        "id": "vpc-0b14c5270606b30bd",
                        "attributes": {
                            "arn": "arn:aws:ec2:us-east-1:496323866215:vpc/vpc-0b14c5270606b30bd",
                            "assign_generated_ipv6_cidr_block": "false",
                            "cidr_block": "10.0.0.0/16",
                            "default_network_acl_id": "acl-07b8d87f962d0ef41",
                            "default_route_table_id": "rtb-06f02b4c922241609",
                            "default_security_group_id": "sg-0fca42362e7f56c06",
                            "dhcp_options_id": "dopt-46ae4623",
                            "enable_classiclink": "false",
                            "enable_classiclink_dns_support": "false",
                            "enable_dns_hostnames": "false",
                            "enable_dns_support": "true",
                            "id": "vpc-0b14c5270606b30bd",
                            "instance_tenancy": "default",
                            "ipv6_association_id": "",
                            "ipv6_cidr_block": "",
                            "main_route_table_id": "rtb-06f02b4c922241609",
                            "owner_id": "496323866215",
                            "tags.%": "7",
                            "tags.Name": "danf-vpc",
                            "tags.X-Application": "test",
                            "tags.X-Contact": "danf@chef.io",
                            "tags.X-Customer": "test",
                            "tags.X-Dept": "sales",
                            "tags.X-Project": "danf",
                            "tags.X-TTL": "10"
                        },
                        "meta": {
                            "schema_version": "1"
                        },
                        "tainted": false
                    },
                    "deposed": [],
                    "provider": "provider.aws"
                },
                "data.aws_ami.centos": {
                    "type": "aws_ami",
                    "depends_on": [],
                    "primary": {
                        "id": "ami-0affd4508a5d2481b",
                        "attributes": {
                            "architecture": "x86_64",
                            "block_device_mappings.#": "1",
                            "block_device_mappings.1270490221.device_name": "/dev/sda1",
                            "block_device_mappings.1270490221.ebs.%": "6",
                            "block_device_mappings.1270490221.ebs.delete_on_termination": "false",
                            "block_device_mappings.1270490221.ebs.encrypted": "false",
                            "block_device_mappings.1270490221.ebs.iops": "0",
                            "block_device_mappings.1270490221.ebs.snapshot_id": "snap-0cb4f5ff601f70d3c",
                            "block_device_mappings.1270490221.ebs.volume_size": "8",
                            "block_device_mappings.1270490221.ebs.volume_type": "gp2",
                            "block_device_mappings.1270490221.no_device": "",
                            "block_device_mappings.1270490221.virtual_name": "",
                            "creation_date": "2020-03-09T21:49:28.000Z",
                            "description": "CentOS Linux 7 x86_64 HVM EBS ENA 2002_01",
                            "filter.#": "3",
                            "filter.1281954306.name": "root-device-type",
                            "filter.1281954306.values.#": "1",
                            "filter.1281954306.values.0": "ebs",
                            "filter.3159887878.name": "name",
                            "filter.3159887878.values.#": "1",
                            "filter.3159887878.values.0": "CentOS Linux 7 x86_64 HVM EBS *",
                            "filter.3386043752.name": "architecture",
                            "filter.3386043752.values.#": "1",
                            "filter.3386043752.values.0": "x86_64",
                            "hypervisor": "xen",
                            "id": "ami-0affd4508a5d2481b",
                            "image_id": "ami-0affd4508a5d2481b",
                            "image_location": "aws-marketplace/CentOS Linux 7 x86_64 HVM EBS ENA 2002_01-b7ee8a69-ee97-4a49-9e68-afaee216db2e-ami-0042af67f8e4dcc20.4",
                            "image_owner_alias": "aws-marketplace",
                            "image_type": "machine",
                            "most_recent": "true",
                            "name": "CentOS Linux 7 x86_64 HVM EBS ENA 2002_01-b7ee8a69-ee97-4a49-9e68-afaee216db2e-ami-0042af67f8e4dcc20.4",
                            "owner_id": "679593333241",
                            "owners.#": "1",
                            "owners.0": "679593333241",
                            "product_codes.#": "1",
                            "product_codes.347650389.product_code_id": "aw0evgkw8e5c1q413zgy5pjce",
                            "product_codes.347650389.product_code_type": "marketplace",
                            "public": "true",
                            "root_device_name": "/dev/sda1",
                            "root_device_type": "ebs",
                            "root_snapshot_id": "snap-0cb4f5ff601f70d3c",
                            "sriov_net_support": "simple",
                            "state": "available",
                            "state_reason.%": "2",
                            "state_reason.code": "UNSET",
                            "state_reason.message": "UNSET",
                            "tags.%": "0",
                            "virtualization_type": "hvm"
                        },
                        "meta": {},
                        "tainted": false
                    },
                    "deposed": [],
                    "provider": "provider.aws"
                },
                "random_id.instance_id": {
                    "type": "random_id",
                    "depends_on": [],
                    "primary": {
                        "id": "RAPQrw",
                        "attributes": {
                            "b64": "RAPQrw",
                            "b64_std": "RAPQrw==",
                            "b64_url": "RAPQrw",
                            "byte_length": "4",
                            "dec": "1141100719",
                            "hex": "4403d0af",
                            "id": "RAPQrw"
                        },
                        "meta": {},
                        "tainted": false
                    },
                    "deposed": [],
                    "provider": "provider.random"
                }
            },
            "depends_on": []
        }
    ]
}
